
Microsoft Visual Studio Solution File, Format Version 12.00
# Visual Studio Version 17
VisualStudioVersion = 17.10.35201.131
MinimumVisualStudioVersion = 10.0.40219.1
Project("{FAE04EC0-301F-11D3-BF4B-00C04F79EFBC}") = "NineDotAssessment", "NineDotAssessment\NineDotAssessment.csproj", "{DC52E8B8-2CBD-4D55-B2C9-8A16A8B008D3}"
EndProject
Global
	GlobalSection(SolutionConfigurationPlatforms) = preSolution
		Debug|Any CPU = Debug|Any CPU
		Release|Any CPU = Release|Any CPU
	EndGlobalSection
	GlobalSection(ProjectConfigurationPlatforms) = postSolution
		{DC52E8B8-2CBD-4D55-B2C9-8A16A8B008D3}.Debug|Any CPU.ActiveCfg = Debug|Any CPU
		{DC52E8B8-2CBD-4D55-B2C9-8A16A8B008D3}.Debug|Any CPU.Build.0 = Debug|Any CPU
		{DC52E8B8-2CBD-4D55-B2C9-8A16A8B008D3}.Release|Any CPU.ActiveCfg = Release|Any CPU
		{DC52E8B8-2CBD-4D55-B2C9-8A16A8B008D3}.Release|Any CPU.Build.0 = Release|Any CPU
	EndGlobalSection
	GlobalSection(SolutionProperties) = preSolution
		HideSolutionNode = FALSE
	EndGlobalSection
	GlobalSection(ExtensibilityGlobals) = postSolution
		SolutionGuid = {8992A5E0-C659-459A-9606-493D3A5B1E84}
	EndGlobalSection
EndGlobal
